
Microsoft Visual Studio Solution File, Format Version 12.00
# Visual Studio Version 16
VisualStudioVersion = 16.0.33214.272
MinimumVisualStudioVersion = 10.0.40219.1
Project("{9A19103F-16F7-4668-BE54-9A1E7A4F7556}") = "Mission6_zm275", "Mission6_zm275\Mission6_zm275.csproj", "{3AE1A4C7-61C9-4276-A806-02090D7DE988}"
EndProject
Global
	GlobalSection(SolutionConfigurationPlatforms) = preSolution
		Debug|Any CPU = Debug|Any CPU
		Release|Any CPU = Release|Any CPU
	EndGlobalSection
	GlobalSection(ProjectConfigurationPlatforms) = postSolution
		{3AE1A4C7-61C9-4276-A806-02090D7DE988}.Debug|Any CPU.ActiveCfg = Debug|Any CPU
		{3AE1A4C7-61C9-4276-A806-02090D7DE988}.Debug|Any CPU.Build.0 = Debug|Any CPU
		{3AE1A4C7-61C9-4276-A806-02090D7DE988}.Release|Any CPU.ActiveCfg = Release|Any CPU
		{3AE1A4C7-61C9-4276-A806-02090D7DE988}.Release|Any CPU.Build.0 = Release|Any CPU
	EndGlobalSection
	GlobalSection(SolutionProperties) = preSolution
		HideSolutionNode = FALSE
	EndGlobalSection
	GlobalSection(ExtensibilityGlobals) = postSolution
		SolutionGuid = {419BC240-C65F-4097-9008-37F26561BBEE}
	EndGlobalSection
EndGlobal
